{
  "name": "conformance-tests",
  "version": "1.0.0",
  "lockfileVersion": 3,
  "requires": true,
  "packages": {
    "": {
      "name": "conformance-tests",
      "version": "1.0.0",
      "license": "AGPL-3.0-or-later",
      "dependencies": {
        "dotenv": "^16.0.0"
      },
      "devDependencies": {
        "@playwright/test": "^1.19.1"
      }
    },
    "node_modules/@playwright/test": {
      "version": "1.34.0",
      "resolved": "https://registry.npmjs.org/@playwright/test/-/test-1.34.0.tgz",
      "integrity": "sha512-GIALJVODOIrMflLV54H3Cow635OfrTwOu24ZTDyKC66uchtFX2NcCRq83cLdakMjZKYK78lODNLQSYBj2OgaTw==",
      "dev": true,
      "dependencies": {
        "@types/node": "*",
        "playwright-core": "1.34.0"
      },
      "bin": {
        "playwright": "cli.js"
      },
      "engines": {
        "node": ">=14"
      },
      "optionalDependencies": {
        "fsevents": "2.3.2"
      }
    },
    "node_modules/@types/node": {
      "version": "20.2.3",
      "resolved": "https://registry.npmjs.org/@types/node/-/node-20.2.3.tgz",
      "integrity": "sha512-pg9d0yC4rVNWQzX8U7xb4olIOFuuVL9za3bzMT2pu2SU0SNEi66i2qrvhE2qt0HvkhuCaWJu7pLNOt/Pj8BIrw==",
      "dev": true
    },
    "node_modules/dotenv": {
      "version": "16.0.3",
      "resolved": "https://registry.npmjs.org/dotenv/-/dotenv-16.0.3.tgz",
      "integrity": "sha512-7GO6HghkA5fYG9TYnNxi14/7K9f5occMlp3zXAuSxn7CKCxt9xbNWG7yF8hTCSUchlfWSe3uLmlPfigevRItzQ==",
      "engines": {
        "node": ">=12"
      }
    },
    "node_modules/fsevents": {
      "version": "2.3.2",
      "resolved": "https://registry.npmjs.org/fsevents/-/fsevents-2.3.2.tgz",
      "integrity": "sha512-xiqMQR4xAeHTuB9uWm+fFRcIOgKBMiOBP+eXiyT7jsgVCq1bkVygt00oASowB7EdtpOHaaPgKt812P9ab+DDKA==",
      "dev": true,
      "hasInstallScript": true,
      "optional": true,
      "os": [
        "darwin"
      ],
      "engines": {
        "node": "^8.16.0 || ^10.6.0 || >=11.0.0"
      }
    },
    "node_modules/playwright-core": {
      "version": "1.34.0",
      "resolved": "https://registry.npmjs.org/playwright-core/-/playwright-core-1.34.0.tgz",
      "integrity": "sha512-fMUY1+iR6kYbJF/EsOOqzBA99ZHXbw9sYPNjwA4X/oV0hVF/1aGlWYBGPVUEqxBkGANDKMziYoOdKGU5DIP5Gg==",
      "dev": true,
      "engines": {
        "node": ">=14"
      }
    }
  }
}
